
Microsoft Visual Studio Solution File, Format Version 12.00
# Visual Studio Version 17
VisualStudioVersion = 17.8.34322.80
MinimumVisualStudioVersion = 10.0.40219.1
Project("{FAE04EC0-301F-11D3-BF4B-00C04F79EFBC}") = "MDI ученики", "MDI ученики.csproj", "{D188F932-5191-4D57-8BE4-4B946D4210F7}"
EndProject
Project("{FAE04EC0-301F-11D3-BF4B-00C04F79EFBC}") = "Mdi", "..\Mdi\Mdi.csproj", "{F196B09E-7272-476B-8D4F-EF3F12966846}"
EndProject
Global
	GlobalSection(SolutionConfigurationPlatforms) = preSolution
		Debug|Any CPU = Debug|Any CPU
		Release|Any CPU = Release|Any CPU
	EndGlobalSection
	GlobalSection(ProjectConfigurationPlatforms) = postSolution
		{D188F932-5191-4D57-8BE4-4B946D4210F7}.Debug|Any CPU.ActiveCfg = Debug|Any CPU
		{D188F932-5191-4D57-8BE4-4B946D4210F7}.Debug|Any CPU.Build.0 = Debug|Any CPU
		{D188F932-5191-4D57-8BE4-4B946D4210F7}.Release|Any CPU.ActiveCfg = Release|Any CPU
		{D188F932-5191-4D57-8BE4-4B946D4210F7}.Release|Any CPU.Build.0 = Release|Any CPU
		{F196B09E-7272-476B-8D4F-EF3F12966846}.Debug|Any CPU.ActiveCfg = Debug|Any CPU
		{F196B09E-7272-476B-8D4F-EF3F12966846}.Debug|Any CPU.Build.0 = Debug|Any CPU
		{F196B09E-7272-476B-8D4F-EF3F12966846}.Release|Any CPU.ActiveCfg = Release|Any CPU
		{F196B09E-7272-476B-8D4F-EF3F12966846}.Release|Any CPU.Build.0 = Release|Any CPU
	EndGlobalSection
	GlobalSection(SolutionProperties) = preSolution
		HideSolutionNode = FALSE
	EndGlobalSection
	GlobalSection(ExtensibilityGlobals) = postSolution
		SolutionGuid = {46870B92-E955-413A-9D0A-C9B347B99978}
	EndGlobalSection
EndGlobal
