
Microsoft Visual Studio Solution File, Format Version 12.00
# Visual Studio Version 17
VisualStudioVersion = 17.5.33424.131
MinimumVisualStudioVersion = 10.0.40219.1
Project("{FAE04EC0-301F-11D3-BF4B-00C04F79EFBC}") = "звезды", "звезды\звезды.csproj", "{8407687F-15A9-425C-99E0-A743F58E6DE8}"
EndProject
Global
	GlobalSection(SolutionConfigurationPlatforms) = preSolution
		Debug|Any CPU = Debug|Any CPU
		Release|Any CPU = Release|Any CPU
	EndGlobalSection
	GlobalSection(ProjectConfigurationPlatforms) = postSolution
		{8407687F-15A9-425C-99E0-A743F58E6DE8}.Debug|Any CPU.ActiveCfg = Debug|Any CPU
		{8407687F-15A9-425C-99E0-A743F58E6DE8}.Debug|Any CPU.Build.0 = Debug|Any CPU
		{8407687F-15A9-425C-99E0-A743F58E6DE8}.Release|Any CPU.ActiveCfg = Release|Any CPU
		{8407687F-15A9-425C-99E0-A743F58E6DE8}.Release|Any CPU.Build.0 = Release|Any CPU
	EndGlobalSection
	GlobalSection(SolutionProperties) = preSolution
		HideSolutionNode = FALSE
	EndGlobalSection
	GlobalSection(ExtensibilityGlobals) = postSolution
		SolutionGuid = {E9DD42D8-7369-4BB3-B6BC-975511E41049}
	EndGlobalSection
EndGlobal
